// !$*UTF8*$!
{
	archiveVersion = 1;
	classes = {
	};
	objectVersion = 50;
	objects = {

/* Begin PBXBuildFile section */
		6F6917BB233F7FD8005D0D9E /* DetailListRouter.swift in Sources */ = {isa = PBXBuildFile; fileRef = 6F6917B7233F7FD8005D0D9E /* DetailListRouter.swift */; };
		6F6917BC233F7FD8005D0D9E /* DetailListViewController.swift in Sources */ = {isa = PBXBuildFile; fileRef = 6F6917B8233F7FD8005D0D9E /* DetailListViewController.swift */; };
		6F6917BD233F7FD8005D0D9E /* DetailListViewModel.swift in Sources */ = {isa = PBXBuildFile; fileRef = 6F6917B9233F7FD8005D0D9E /* DetailListViewModel.swift */; };
		6F6917BE233F7FD8005D0D9E /* DetailListViewController.xib in Resources */ = {isa = PBXBuildFile; fileRef = 6F6917BA233F7FD8005D0D9E /* DetailListViewController.xib */; };
		6F6917CE233FB5B3005D0D9E /* Product.swift in Sources */ = {isa = PBXBuildFile; fileRef = 6F6917CD233FB5B3005D0D9E /* Product.swift */; };
		6FD7EF9E233F5F2100FBE980 /* AppDelegate.swift in Sources */ = {isa = PBXBuildFile; fileRef = 6FD7EF9D233F5F2100FBE980 /* AppDelegate.swift */; };
		6FD7EFA5233F5F2400FBE980 /* Assets.xcassets in Resources */ = {isa = PBXBuildFile; fileRef = 6FD7EFA4233F5F2400FBE980 /* Assets.xcassets */; };
		6FD7EFA8233F5F2400FBE980 /* LaunchScreen.storyboard in Resources */ = {isa = PBXBuildFile; fileRef = 6FD7EFA6233F5F2400FBE980 /* LaunchScreen.storyboard */; };
		6FD7EFBC233F673300FBE980 /* ProductListRouter.swift in Sources */ = {isa = PBXBuildFile; fileRef = 6FD7EFB8233F673300FBE980 /* ProductListRouter.swift */; };
		6FD7EFC2233F69FB00FBE980 /* ProductListViewController.xib in Resources */ = {isa = PBXBuildFile; fileRef = 6FD7EFC0233F69FB00FBE980 /* ProductListViewController.xib */; };
		6FD7EFC3233F69FB00FBE980 /* ProductListViewModel.swift in Sources */ = {isa = PBXBuildFile; fileRef = 6FD7EFC1233F69FB00FBE980 /* ProductListViewModel.swift */; };
		6FD7EFC5233F6A1F00FBE980 /* ProductListViewController.swift in Sources */ = {isa = PBXBuildFile; fileRef = 6FD7EFC4233F6A1E00FBE980 /* ProductListViewController.swift */; };
/* End PBXBuildFile section */

/* Begin PBXFileReference section */
		6F6917B7233F7FD8005D0D9E /* DetailListRouter.swift */ = {isa = PBXFileReference; lastKnownFileType = sourcecode.swift; path = DetailListRouter.swift; sourceTree = "<group>"; };
		6F6917B8233F7FD8005D0D9E /* DetailListViewController.swift */ = {isa = PBXFileReference; lastKnownFileType = sourcecode.swift; path = DetailListViewController.swift; sourceTree = "<group>"; };
		6F6917B9233F7FD8005D0D9E /* DetailListViewModel.swift */ = {isa = PBXFileReference; lastKnownFileType = sourcecode.swift; path = DetailListViewModel.swift; sourceTree = "<group>"; };
		6F6917BA233F7FD8005D0D9E /* DetailListViewController.xib */ = {isa = PBXFileReference; lastKnownFileType = file.xib; path = DetailListViewController.xib; sourceTree = "<group>"; };
		6F6917CD233FB5B3005D0D9E /* Product.swift */ = {isa = PBXFileReference; lastKnownFileType = sourcecode.swift; path = Product.swift; sourceTree = "<group>"; };
		6FD7EF9A233F5F2100FBE980 /* ShoppingList.app */ = {isa = PBXFileReference; explicitFileType = wrapper.application; includeInIndex = 0; path = ShoppingList.app; sourceTree = BUILT_PRODUCTS_DIR; };
		6FD7EF9D233F5F2100FBE980 /* AppDelegate.swift */ = {isa = PBXFileReference; lastKnownFileType = sourcecode.swift; path = AppDelegate.swift; sourceTree = "<group>"; };
		6FD7EFA4233F5F2400FBE980 /* Assets.xcassets */ = {isa = PBXFileReference; lastKnownFileType = folder.assetcatalog; path = Assets.xcassets; sourceTree = "<group>"; };
		6FD7EFA7233F5F2400FBE980 /* Base */ = {isa = PBXFileReference; lastKnownFileType = file.storyboard; name = Base; path = Base.lproj/LaunchScreen.storyboard; sourceTree = "<group>"; };
		6FD7EFA9233F5F2400FBE980 /* Info.plist */ = {isa = PBXFileReference; lastKnownFileType = text.plist.xml; path = Info.plist; sourceTree = "<group>"; };
		6FD7EFB0233F64AA00FBE980 /* README.md */ = {isa = PBXFileReference; lastKnownFileType = net.daringfireball.markdown; path = README.md; sourceTree = "<group>"; };
		6FD7EFB8233F673300FBE980 /* ProductListRouter.swift */ = {isa = PBXFileReference; lastKnownFileType = sourcecode.swift; path = ProductListRouter.swift; sourceTree = "<group>"; };
		6FD7EFC0233F69FB00FBE980 /* ProductListViewController.xib */ = {isa = PBXFileReference; fileEncoding = 4; lastKnownFileType = file.xib; path = ProductListViewController.xib; sourceTree = "<group>"; };
		6FD7EFC1233F69FB00FBE980 /* ProductListViewModel.swift */ = {isa = PBXFileReference; fileEncoding = 4; lastKnownFileType = sourcecode.swift; path = ProductListViewModel.swift; sourceTree = "<group>"; };
		6FD7EFC4233F6A1E00FBE980 /* ProductListViewController.swift */ = {isa = PBXFileReference; fileEncoding = 4; lastKnownFileType = sourcecode.swift; path = ProductListViewController.swift; sourceTree = "<group>"; };
/* End PBXFileReference section */

/* Begin PBXFrameworksBuildPhase section */
		6FD7EF97233F5F2100FBE980 /* Frameworks */ = {
			isa = PBXFrameworksBuildPhase;
			buildActionMask = 2147483647;
			files = (
			);
			runOnlyForDeploymentPostprocessing = 0;
		};
/* End PBXFrameworksBuildPhase section */

/* Begin PBXGroup section */
		6F6917C7233FB1AF005D0D9E /* SupportFiles */ = {
			isa = PBXGroup;
			children = (
				6FD7EFA9233F5F2400FBE980 /* Info.plist */,
				6FD7EF9D233F5F2100FBE980 /* AppDelegate.swift */,
				6FD7EFA6233F5F2400FBE980 /* LaunchScreen.storyboard */,
			);
			path = SupportFiles;
			sourceTree = "<group>";
		};
		6F6917C8233FB1BE005D0D9E /* Source */ = {
			isa = PBXGroup;
			children = (
				6F6917CB233FB20E005D0D9E /* Views */,
				6F6917CA233FB207005D0D9E /* Models */,
			);
			path = Source;
			sourceTree = "<group>";
		};
		6F6917C9233FB1E0005D0D9E /* Resources */ = {
			isa = PBXGroup;
			children = (
				6FD7EFA4233F5F2400FBE980 /* Assets.xcassets */,
			);
			path = Resources;
			sourceTree = "<group>";
		};
		6F6917CA233FB207005D0D9E /* Models */ = {
			isa = PBXGroup;
			children = (
				6F6917CD233FB5B3005D0D9E /* Product.swift */,
			);
			path = Models;
			sourceTree = "<group>";
		};
		6F6917CB233FB20E005D0D9E /* Views */ = {
			isa = PBXGroup;
			children = (
				6F6917CC233FB224005D0D9E /* ViewControllers */,
			);
			path = Views;
			sourceTree = "<group>";
		};
		6F6917CC233FB224005D0D9E /* ViewControllers */ = {
			isa = PBXGroup;
			children = (
				6FD7EFB1233F664F00FBE980 /* ProductList */,
			);
			path = ViewControllers;
			sourceTree = "<group>";
		};
		6F98AA6A233F7E09009A43CD /* DetailList */ = {
			isa = PBXGroup;
			children = (
				6F6917B7233F7FD8005D0D9E /* DetailListRouter.swift */,
				6F6917B9233F7FD8005D0D9E /* DetailListViewModel.swift */,
				6F6917B8233F7FD8005D0D9E /* DetailListViewController.swift */,
				6F6917BA233F7FD8005D0D9E /* DetailListViewController.xib */,
			);
			path = DetailList;
			sourceTree = "<group>";
		};
		6FD7EF91233F5F2100FBE980 = {
			isa = PBXGroup;
			children = (
				6FD7EFB0233F64AA00FBE980 /* README.md */,
				6FD7EF9C233F5F2100FBE980 /* ShoppingList */,
				6FD7EF9B233F5F2100FBE980 /* Products */,
			);
			sourceTree = "<group>";
		};
		6FD7EF9B233F5F2100FBE980 /* Products */ = {
			isa = PBXGroup;
			children = (
				6FD7EF9A233F5F2100FBE980 /* ShoppingList.app */,
			);
			name = Products;
			sourceTree = "<group>";
		};
		6FD7EF9C233F5F2100FBE980 /* ShoppingList */ = {
			isa = PBXGroup;
			children = (
				6F6917C9233FB1E0005D0D9E /* Resources */,
				6F6917C8233FB1BE005D0D9E /* Source */,
				6F6917C7233FB1AF005D0D9E /* SupportFiles */,
			);
			path = ShoppingList;
			sourceTree = "<group>";
		};
		6FD7EFB1233F664F00FBE980 /* ProductList */ = {
			isa = PBXGroup;
			children = (
				6F98AA6A233F7E09009A43CD /* DetailList */,
				6FD7EFB8233F673300FBE980 /* ProductListRouter.swift */,
				6FD7EFC1233F69FB00FBE980 /* ProductListViewModel.swift */,
				6FD7EFC4233F6A1E00FBE980 /* ProductListViewController.swift */,
				6FD7EFC0233F69FB00FBE980 /* ProductListViewController.xib */,
			);
			path = ProductList;
			sourceTree = "<group>";
		};
/* End PBXGroup section */

/* Begin PBXNativeTarget section */
		6FD7EF99233F5F2100FBE980 /* ShoppingList */ = {
			isa = PBXNativeTarget;
			buildConfigurationList = 6FD7EFAC233F5F2400FBE980 /* Build configuration list for PBXNativeTarget "ShoppingList" */;
			buildPhases = (
				6FD7EF96233F5F2100FBE980 /* Sources */,
				6FD7EF97233F5F2100FBE980 /* Frameworks */,
				6FD7EF98233F5F2100FBE980 /* Resources */,
			);
			buildRules = (
			);
			dependencies = (
			);
			name = ShoppingList;
			productName = ShoppingList;
			productReference = 6FD7EF9A233F5F2100FBE980 /* ShoppingList.app */;
			productType = "com.apple.product-type.application";
		};
/* End PBXNativeTarget section */

/* Begin PBXProject section */
		6FD7EF92233F5F2100FBE980 /* Project object */ = {
			isa = PBXProject;
			attributes = {
				LastSwiftUpdateCheck = 1030;
				LastUpgradeCheck = 1030;
				ORGANIZATIONNAME = "Daniel Dura Monge";
				TargetAttributes = {
					6FD7EF99233F5F2100FBE980 = {
						CreatedOnToolsVersion = 10.3;
					};
				};
			};
			buildConfigurationList = 6FD7EF95233F5F2100FBE980 /* Build configuration list for PBXProject "ShoppingList" */;
			compatibilityVersion = "Xcode 9.3";
			developmentRegion = en;
			hasScannedForEncodings = 0;
			knownRegions = (
				en,
				Base,
			);
			mainGroup = 6FD7EF91233F5F2100FBE980;
			productRefGroup = 6FD7EF9B233F5F2100FBE980 /* Products */;
			projectDirPath = "";
			projectRoot = "";
			targets = (
				6FD7EF99233F5F2100FBE980 /* ShoppingList */,
			);
		};
/* End PBXProject section */

/* Begin PBXResourcesBuildPhase section */
		6FD7EF98233F5F2100FBE980 /* Resources */ = {
			isa = PBXResourcesBuildPhase;
			buildActionMask = 2147483647;
			files = (
				6FD7EFA8233F5F2400FBE980 /* LaunchScreen.storyboard in Resources */,
				6FD7EFC2233F69FB00FBE980 /* ProductListViewController.xib in Resources */,
				6FD7EFA5233F5F2400FBE980 /* Assets.xcassets in Resources */,
				6F6917BE233F7FD8005D0D9E /* DetailListViewController.xib in Resources */,
			);
			runOnlyForDeploymentPostprocessing = 0;
		};
/* End PBXResourcesBuildPhase section */

/* Begin PBXSourcesBuildPhase section */
		6FD7EF96233F5F2100FBE980 /* Sources */ = {
			isa = PBXSourcesBuildPhase;
			buildActionMask = 2147483647;
			files = (
				6FD7EFBC233F673300FBE980 /* ProductListRouter.swift in Sources */,
				6F6917CE233FB5B3005D0D9E /* Product.swift in Sources */,
				6F6917BC233F7FD8005D0D9E /* DetailListViewController.swift in Sources */,
				6F6917BB233F7FD8005D0D9E /* DetailListRouter.swift in Sources */,
				6FD7EFC3233F69FB00FBE980 /* ProductListViewModel.swift in Sources */,
				6FD7EFC5233F6A1F00FBE980 /* ProductListViewController.swift in Sources */,
				6FD7EF9E233F5F2100FBE980 /* AppDelegate.swift in Sources */,
				6F6917BD233F7FD8005D0D9E /* DetailListViewModel.swift in Sources */,
			);
			runOnlyForDeploymentPostprocessing = 0;
		};
/* End PBXSourcesBuildPhase section */

/* Begin PBXVariantGroup section */
		6FD7EFA6233F5F2400FBE980 /* LaunchScreen.storyboard */ = {
			isa = PBXVariantGroup;
			children = (
				6FD7EFA7233F5F2400FBE980 /* Base */,
			);
			name = LaunchScreen.storyboard;
			sourceTree = "<group>";
		};
/* End PBXVariantGroup section */

/* Begin XCBuildConfiguration section */
		6FD7EFAA233F5F2400FBE980 /* Debug */ = {
			isa = XCBuildConfiguration;
			buildSettings = {
				ALWAYS_SEARCH_USER_PATHS = NO;
				CLANG_ANALYZER_NONNULL = YES;
				CLANG_ANALYZER_NUMBER_OBJECT_CONVERSION = YES_AGGRESSIVE;
				CLANG_CXX_LANGUAGE_STANDARD = "gnu++14";
				CLANG_CXX_LIBRARY = "libc++";
				CLANG_ENABLE_MODULES = YES;
				CLANG_ENABLE_OBJC_ARC = YES;
				CLANG_ENABLE_OBJC_WEAK = YES;
				CLANG_WARN_BLOCK_CAPTURE_AUTORELEASING = YES;
				CLANG_WARN_BOOL_CONVERSION = YES;
				CLANG_WARN_COMMA = YES;
				CLANG_WARN_CONSTANT_CONVERSION = YES;
				CLANG_WARN_DEPRECATED_OBJC_IMPLEMENTATIONS = YES;
				CLANG_WARN_DIRECT_OBJC_ISA_USAGE = YES_ERROR;
				CLANG_WARN_DOCUMENTATION_COMMENTS = YES;
				CLANG_WARN_EMPTY_BODY = YES;
				CLANG_WARN_ENUM_CONVERSION = YES;
				CLANG_WARN_INFINITE_RECURSION = YES;
				CLANG_WARN_INT_CONVERSION = YES;
				CLANG_WARN_NON_LITERAL_NULL_CONVERSION = YES;
				CLANG_WARN_OBJC_IMPLICIT_RETAIN_SELF = YES;
				CLANG_WARN_OBJC_LITERAL_CONVERSION = YES;
				CLANG_WARN_OBJC_ROOT_CLASS = YES_ERROR;
				CLANG_WARN_RANGE_LOOP_ANALYSIS = YES;
				CLANG_WARN_STRICT_PROTOTYPES = YES;
				CLANG_WARN_SUSPICIOUS_MOVE = YES;
				CLANG_WARN_UNGUARDED_AVAILABILITY = YES_AGGRESSIVE;
				CLANG_WARN_UNREACHABLE_CODE = YES;
				CLANG_WARN__DUPLICATE_METHOD_MATCH = YES;
				CODE_SIGN_IDENTITY = "iPhone Developer";
				COPY_PHASE_STRIP = NO;
				DEBUG_INFORMATION_FORMAT = dwarf;
				ENABLE_STRICT_OBJC_MSGSEND = YES;
				ENABLE_TESTABILITY = YES;
				GCC_C_LANGUAGE_STANDARD = gnu11;
				GCC_DYNAMIC_NO_PIC = NO;
				GCC_NO_COMMON_BLOCKS = YES;
				GCC_OPTIMIZATION_LEVEL = 0;
				GCC_PREPROCESSOR_DEFINITIONS = (
					"DEBUG=1",
					"$(inherited)",
				);
				GCC_WARN_64_TO_32_BIT_CONVERSION = YES;
				GCC_WARN_ABOUT_RETURN_TYPE = YES_ERROR;
				GCC_WARN_UNDECLARED_SELECTOR = YES;
				GCC_WARN_UNINITIALIZED_AUTOS = YES_AGGRESSIVE;
				GCC_WARN_UNUSED_FUNCTION = YES;
				GCC_WARN_UNUSED_VARIABLE = YES;
				IPHONEOS_DEPLOYMENT_TARGET = 12.4;
				MTL_ENABLE_DEBUG_INFO = INCLUDE_SOURCE;
				MTL_FAST_MATH = YES;
				ONLY_ACTIVE_ARCH = YES;
				SDKROOT = iphoneos;
				SWIFT_ACTIVE_COMPILATION_CONDITIONS = DEBUG;
				SWIFT_OPTIMIZATION_LEVEL = "-Onone";
			};
			name = Debug;
		};
		6FD7EFAB233F5F2400FBE980 /* Release */ = {
			isa = XCBuildConfiguration;
			buildSettings = {
				ALWAYS_SEARCH_USER_PATHS = NO;
				CLANG_ANALYZER_NONNULL = YES;
				CLANG_ANALYZER_NUMBER_OBJECT_CONVERSION = YES_AGGRESSIVE;
				CLANG_CXX_LANGUAGE_STANDARD = "gnu++14";
				CLANG_CXX_LIBRARY = "libc++";
				CLANG_ENABLE_MODULES = YES;
				CLANG_ENABLE_OBJC_ARC = YES;
				CLANG_ENABLE_OBJC_WEAK = YES;
				CLANG_WARN_BLOCK_CAPTURE_AUTORELEASING = YES;
				CLANG_WARN_BOOL_CONVERSION = YES;
				CLANG_WARN_COMMA = YES;
				CLANG_WARN_CONSTANT_CONVERSION = YES;
				CLANG_WARN_DEPRECATED_OBJC_IMPLEMENTATIONS = YES;
				CLANG_WARN_DIRECT_OBJC_ISA_USAGE = YES_ERROR;
				CLANG_WARN_DOCUMENTATION_COMMENTS = YES;
				CLANG_WARN_EMPTY_BODY = YES;
				CLANG_WARN_ENUM_CONVERSION = YES;
				CLANG_WARN_INFINITE_RECURSION = YES;
				CLANG_WARN_INT_CONVERSION = YES;
				CLANG_WARN_NON_LITERAL_NULL_CONVERSION = YES;
				CLANG_WARN_OBJC_IMPLICIT_RETAIN_SELF = YES;
				CLANG_WARN_OBJC_LITERAL_CONVERSION = YES;
				CLANG_WARN_OBJC_ROOT_CLASS = YES_ERROR;
				CLANG_WARN_RANGE_LOOP_ANALYSIS = YES;
				CLANG_WARN_STRICT_PROTOTYPES = YES;
				CLANG_WARN_SUSPICIOUS_MOVE = YES;
				CLANG_WARN_UNGUARDED_AVAILABILITY = YES_AGGRESSIVE;
				CLANG_WARN_UNREACHABLE_CODE = YES;
				CLANG_WARN__DUPLICATE_METHOD_MATCH = YES;
				CODE_SIGN_IDENTITY = "iPhone Developer";
				COPY_PHASE_STRIP = NO;
				DEBUG_INFORMATION_FORMAT = "dwarf-with-dsym";
				ENABLE_NS_ASSERTIONS = NO;
				ENABLE_STRICT_OBJC_MSGSEND = YES;
				GCC_C_LANGUAGE_STANDARD = gnu11;
				GCC_NO_COMMON_BLOCKS = YES;
				GCC_WARN_64_TO_32_BIT_CONVERSION = YES;
				GCC_WARN_ABOUT_RETURN_TYPE = YES_ERROR;
				GCC_WARN_UNDECLARED_SELECTOR = YES;
				GCC_WARN_UNINITIALIZED_AUTOS = YES_AGGRESSIVE;
				GCC_WARN_UNUSED_FUNCTION = YES;
				GCC_WARN_UNUSED_VARIABLE = YES;
				IPHONEOS_DEPLOYMENT_TARGET = 12.4;
				MTL_ENABLE_DEBUG_INFO = NO;
				MTL_FAST_MATH = YES;
				SDKROOT = iphoneos;
				SWIFT_COMPILATION_MODE = wholemodule;
				SWIFT_OPTIMIZATION_LEVEL = "-O";
				VALIDATE_PRODUCT = YES;
			};
			name = Release;
		};
		6FD7EFAD233F5F2400FBE980 /* Debug */ = {
			isa = XCBuildConfiguration;
			buildSettings = {
				ASSETCATALOG_COMPILER_APPICON_NAME = AppIcon;
				CODE_SIGN_IDENTITY = "iPhone Developer";
				CODE_SIGN_STYLE = Manual;
				DEVELOPMENT_TEAM = "";
				INFOPLIST_FILE = ShoppingList/SupportFiles/Info.plist;
				LD_RUNPATH_SEARCH_PATHS = (
					"$(inherited)",
					"@executable_path/Frameworks",
				);
				PRODUCT_BUNDLE_IDENTIFIER = es.swiftland.ShoppingList;
				PRODUCT_NAME = "$(TARGET_NAME)";
				PROVISIONING_PROFILE_SPECIFIER = "";
				SWIFT_VERSION = 5.0;
				TARGETED_DEVICE_FAMILY = "1,2";
			};
			name = Debug;
		};
		6FD7EFAE233F5F2400FBE980 /* Release */ = {
			isa = XCBuildConfiguration;
			buildSettings = {
				ASSETCATALOG_COMPILER_APPICON_NAME = AppIcon;
				CODE_SIGN_IDENTITY = "iPhone Developer";
				CODE_SIGN_STYLE = Manual;
				DEVELOPMENT_TEAM = "";
				INFOPLIST_FILE = ShoppingList/SupportFiles/Info.plist;
				LD_RUNPATH_SEARCH_PATHS = (
					"$(inherited)",
					"@executable_path/Frameworks",
				);
				PRODUCT_BUNDLE_IDENTIFIER = es.swiftland.ShoppingList;
				PRODUCT_NAME = "$(TARGET_NAME)";
				PROVISIONING_PROFILE_SPECIFIER = "";
				SWIFT_VERSION = 5.0;
				TARGETED_DEVICE_FAMILY = "1,2";
			};
			name = Release;
		};
/* End XCBuildConfiguration section */

/* Begin XCConfigurationList section */
		6FD7EF95233F5F2100FBE980 /* Build configuration list for PBXProject "ShoppingList" */ = {
			isa = XCConfigurationList;
			buildConfigurations = (
				6FD7EFAA233F5F2400FBE980 /* Debug */,
				6FD7EFAB233F5F2400FBE980 /* Release */,
			);
			defaultConfigurationIsVisible = 0;
			defaultConfigurationName = Release;
		};
		6FD7EFAC233F5F2400FBE980 /* Build configuration list for PBXNativeTarget "ShoppingList" */ = {
			isa = XCConfigurationList;
			buildConfigurations = (
				6FD7EFAD233F5F2400FBE980 /* Debug */,
				6FD7EFAE233F5F2400FBE980 /* Release */,
			);
			defaultConfigurationIsVisible = 0;
			defaultConfigurationName = Release;
		};
/* End XCConfigurationList section */
	};
	rootObject = 6FD7EF92233F5F2100FBE980 /* Project object */;
}
